dependencies:
- name: prometheus
  repository: https://prometheus-community.github.io/helm-charts
  version: 27.39.0
- name: loki-stack
  repository: https://grafana.github.io/helm-charts
  version: 2.10.2
digest: sha256:b0a23c1c53c57f5db95a02b99c8467e060900d0c147ae18ebcee7c6ad2c24646
generated: "2025-10-07T00:18:32.109947776Z"
